PODS:
  - Alamofire (4.9.1)
  - ObjectMapper (3.5.3)
  - Realm (5.0.3):
    - Realm/Headers (= 5.0.3)
  - Realm/Headers (5.0.3)
  - RealmSwift (5.0.3):
    - Realm (= 5.0.3)
  - SVProgressHUD (2.2.5)
  - SwiftyJSON (4.3.0)
  - SwipeCellKit (2.6.0)

DEPENDENCIES:
  - Alamofire (~> 4)
  - ObjectMapper (~> 3.5)
  - RealmSwift (~> 5.0)
  - SVProgressHUD (~> 2.2)
  - SwiftyJSON (~> 4.0)
  - SwipeCellKit (~> 2.6.0)

SPEC REPOS:
  trunk:
    - Alamofire
    - ObjectMapper
    - Realm
    - RealmSwift
    - SVProgressHUD
    - SwiftyJSON
    - SwipeCellKit

SPEC CHECKSUMS:
  Alamofire: 85e8a02c69d6020a0d734f6054870d7ecb75cf18
  ObjectMapper: 97111c97e054a6ee25917662106689f0b4127b37
  Realm: bfca1699b61b0b17c3a69ae0e648314eae91fbdb
  RealmSwift: 493c9f089cd3893b3959007973c0e4f640906ba0
  SVProgressHUD: 1428aafac632c1f86f62aa4243ec12008d7a51d6
  SwiftyJSON: 6faa0040f8b59dead0ee07436cbf76b73c08fd08
  SwipeCellKit: 935ca28c187ec6e1ffb2b578cf8ddca842bfdcbb

PODFILE CHECKSUM: c62f0cf655334ec2e4d0132cc5e0d3d37f638c8d

COCOAPODS: 1.9.3
